
Microsoft Visual Studio Solution File, Format Version 12.00
# Visual Studio Version 17
VisualStudioVersion = 17.3.32901.215
MinimumVisualStudioVersion = 10.0.40219.1
Project("{8BC9CEB8-8B4A-11D0-8D11-00A0C91BC942}") = "tiny-renderer", "tiny-renderer\tiny-renderer.vcxproj", "{3B3594F7-E9C4-4DCC-8773-BD1444E61CFD}"
EndProject
Global
	GlobalSection(SolutionConfigurationPlatforms) = preSolution
		Debug|x64 = Debug|x64
		Debug|x86 = Debug|x86
		Release|x64 = Release|x64
		Release|x86 = Release|x86
	EndGlobalSection
	GlobalSection(ProjectConfigurationPlatforms) = postSolution
		{3B3594F7-E9C4-4DCC-8773-BD1444E61CFD}.Debug|x64.ActiveCfg = Debug|x64
		{3B3594F7-E9C4-4DCC-8773-BD1444E61CFD}.Debug|x64.Build.0 = Debug|x64
		{3B3594F7-E9C4-4DCC-8773-BD1444E61CFD}.Debug|x86.ActiveCfg = Debug|Win32
		{3B3594F7-E9C4-4DCC-8773-BD1444E61CFD}.Debug|x86.Build.0 = Debug|Win32
		{3B3594F7-E9C4-4DCC-8773-BD1444E61CFD}.Release|x64.ActiveCfg = Release|x64
		{3B3594F7-E9C4-4DCC-8773-BD1444E61CFD}.Release|x64.Build.0 = Release|x64
		{3B3594F7-E9C4-4DCC-8773-BD1444E61CFD}.Release|x86.ActiveCfg = Release|Win32
		{3B3594F7-E9C4-4DCC-8773-BD1444E61CFD}.Release|x86.Build.0 = Release|Win32
	EndGlobalSection
	GlobalSection(SolutionProperties) = preSolution
		HideSolutionNode = FALSE
	EndGlobalSection
	GlobalSection(ExtensibilityGlobals) = postSolution
		SolutionGuid = {7E691E29-5C3D-4B4E-AB28-DAD1D88EB923}
	EndGlobalSection
EndGlobal
